
Microsoft Visual Studio Solution File, Format Version 12.00
# Visual Studio 2012
Project("{8BC9CEB8-8B4A-11D0-8D11-00A0C91BC942}") = "DrawGuessClient", "DrawGuessClient\DrawGuessClient.vcxproj", "{5EA88FF8-5390-491E-B452-F250A73987A5}"
EndProject
Global
	GlobalSection(SolutionConfigurationPlatforms) = preSolution
		Debug|Win32 = Debug|Win32
		Release|Win32 = Release|Win32
	EndGlobalSection
	GlobalSection(ProjectConfigurationPlatforms) = postSolution
		{5EA88FF8-5390-491E-B452-F250A73987A5}.Debug|Win32.ActiveCfg = Debug|Win32
		{5EA88FF8-5390-491E-B452-F250A73987A5}.Debug|Win32.Build.0 = Debug|Win32
		{5EA88FF8-5390-491E-B452-F250A73987A5}.Release|Win32.ActiveCfg = Release|Win32
		{5EA88FF8-5390-491E-B452-F250A73987A5}.Release|Win32.Build.0 = Release|Win32
	EndGlobalSection
	GlobalSection(SolutionProperties) = preSolution
		HideSolutionNode = FALSE
	EndGlobalSection
EndGlobal
